
Microsoft Visual Studio Solution File, Format Version 12.00
# Visual Studio Version 17
VisualStudioVersion = 17.9.34714.143
MinimumVisualStudioVersion = 10.0.40219.1
Project("{9A19103F-16F7-4668-BE54-9A1E7A4F7556}") = "Mission11", "Mission11\Mission11.csproj", "{788DC7A8-8E26-473B-8CDC-B6C9F7E07A2F}"
EndProject
Global
	GlobalSection(SolutionConfigurationPlatforms) = preSolution
		Debug|Any CPU = Debug|Any CPU
		Release|Any CPU = Release|Any CPU
	EndGlobalSection
	GlobalSection(ProjectConfigurationPlatforms) = postSolution
		{788DC7A8-8E26-473B-8CDC-B6C9F7E07A2F}.Debug|Any CPU.ActiveCfg = Debug|Any CPU
		{788DC7A8-8E26-473B-8CDC-B6C9F7E07A2F}.Debug|Any CPU.Build.0 = Debug|Any CPU
		{788DC7A8-8E26-473B-8CDC-B6C9F7E07A2F}.Release|Any CPU.ActiveCfg = Release|Any CPU
		{788DC7A8-8E26-473B-8CDC-B6C9F7E07A2F}.Release|Any CPU.Build.0 = Release|Any CPU
	EndGlobalSection
	GlobalSection(SolutionProperties) = preSolution
		HideSolutionNode = FALSE
	EndGlobalSection
	GlobalSection(ExtensibilityGlobals) = postSolution
		SolutionGuid = {50A6ABA4-D58B-48B2-80BD-7FAD221196CD}
	EndGlobalSection
EndGlobal
